
Microsoft Visual Studio Solution File, Format Version 12.00
# Visual Studio Version 17
VisualStudioVersion = 17.2.32630.192
MinimumVisualStudioVersion = 10.0.40219.1
Project("{FAE04EC0-301F-11D3-BF4B-00C04F79EFBC}") = "GameOfLifeTests", "GameOfLifeTests\GameOfLifeTests.csproj", "{65149343-8EFE-4FF8-A838-1C1560FF44BB}"
EndProject
Project("{2150E333-8FDC-42A3-9474-1A3956D46DE8}") = "Items", "Items", "{9D30DDB3-F96D-4771-9EBC-81FD4789B836}"
	ProjectSection(SolutionItems) = preProject
		..\GameOfLife_examples.JPG = ..\GameOfLife_examples.JPG
		..\README.md = ..\README.md
	EndProjectSection
EndProject
Global
	GlobalSection(SolutionConfigurationPlatforms) = preSolution
		Debug|Any CPU = Debug|Any CPU
		Release|Any CPU = Release|Any CPU
	EndGlobalSection
	GlobalSection(ProjectConfigurationPlatforms) = postSolution
		{65149343-8EFE-4FF8-A838-1C1560FF44BB}.Debug|Any CPU.ActiveCfg = Debug|Any CPU
		{65149343-8EFE-4FF8-A838-1C1560FF44BB}.Debug|Any CPU.Build.0 = Debug|Any CPU
		{65149343-8EFE-4FF8-A838-1C1560FF44BB}.Release|Any CPU.ActiveCfg = Release|Any CPU
		{65149343-8EFE-4FF8-A838-1C1560FF44BB}.Release|Any CPU.Build.0 = Release|Any CPU
	EndGlobalSection
	GlobalSection(SolutionProperties) = preSolution
		HideSolutionNode = FALSE
	EndGlobalSection
	GlobalSection(ExtensibilityGlobals) = postSolution
		SolutionGuid = {E4069258-ABCF-4886-B97C-4CECEA7BC8AE}
	EndGlobalSection
EndGlobal
